<?xml version="1.0" encoding="UTF-8"?>
<Scheme
   LastUpgradeVersion = "1430"
   version = "1.7">
   <BuildAction
      parallelizeBuildables = "YES"
      buildImplicitDependencies = "YES"
      runPostActionsOnFailure = "NO">
      <BuildActionEntries>
         <BuildActionEntry
            buildForTesting = "YES"
            buildForRunning = "YES"
            buildForProfiling = "YES"
            buildForArchiving = "YES"
            buildForAnalyzing = "YES">
            <BuildableReference
               BuildableIdentifier = "primary"
               BlueprintIdentifier = "58EBC1D931BC62A9DA27D304"
               BuildableName = "EyeProtection.app"
               BlueprintName = "EyeProtection"
               ReferencedContainer = "container:EyeProtection.xcodeproj">
            </BuildableReference>
         </BuildActionEntry>
         <BuildActionEntry
            buildForTesting = "YES"
            buildForRunning = "NO"
            buildForProfiling = "NO"
            buildForArchiving = "NO"
            buildForAnalyzing = "NO">
            <BuildableReference
               BuildableIdentifier = "primary"
               BlueprintIdentifier = "2C185F31E69F3FCCA093FEE6"
               BuildableName = "EyeProtectionTests.xctest"
               BlueprintName = "EyeProtectionTests"
               ReferencedContainer = "container:EyeProtection.xcodeproj">
            </BuildableReference>
         </BuildActionEntry>
      </BuildActionEntries>
   </BuildAction>
   <TestAction
      buildConfiguration = "Debug"
      selectedDebuggerIdentifier = "Xcode.DebuggerFoundation.Debugger.LLDB"
      selectedLauncherIdentifier = "Xcode.DebuggerFoundation.Launcher.LLDB"
      shouldUseLaunchSchemeArgsEnv = "NO"
      onlyGenerateCoverageForSpecifiedTargets = "NO">
      <MacroExpansion>
         <BuildableReference
            BuildableIdentifier = "primary"
            BlueprintIdentifier = "58EBC1D931BC62A9DA27D304"
            BuildableName = "EyeProtection.app"
            BlueprintName = "EyeProtection"
            ReferencedContainer = "container:EyeProtection.xcodeproj">
         </BuildableReference>
      </MacroExpansion>
      <Testables>
         <TestableReference
            skipped = "NO"
            parallelizable = "NO">
            <BuildableReference
               BuildableIdentifier = "primary"
               BlueprintIdentifier = "2C185F31E69F3FCCA093FEE6"
               BuildableName = "EyeProtectionTests.xctest"
               BlueprintName = "EyeProtectionTests"
               ReferencedContainer = "container:EyeProtection.xcodeproj">
            </BuildableReference>
         </TestableReference>
      </Testables>
      <CommandLineArguments>
      </CommandLineArguments>
      <EnvironmentVariables>
         <EnvironmentVariable
            key = "GAZEEASE_MENU_SCREENSHOT_DIR"
            value = "$(PROJECT_DIR)/Preview/MenuPanel"
            isEnabled = "YES">
         </EnvironmentVariable>
         <EnvironmentVariable
            key = "GAZEEASE_POPUP_SCREENSHOT_DIR"
            value = "$(PROJECT_DIR)/Preview/Reminders"
            isEnabled = "YES">
         </EnvironmentVariable>
         <EnvironmentVariable
            key = "GAZEEASE_SCREENSHOT_DIR"
            value = "$(PROJECT_DIR)/Preview/RestOverlay"
            isEnabled = "YES">
         </EnvironmentVariable>
      </EnvironmentVariables>
   </TestAction>
   <LaunchAction
      buildConfiguration = "Debug"
      selectedDebuggerIdentifier = "Xcode.DebuggerFoundation.Debugger.LLDB"
      selectedLauncherIdentifier = "Xcode.DebuggerFoundation.Launcher.LLDB"
      launchStyle = "0"
      useCustomWorkingDirectory = "NO"
      ignoresPersistentStateOnLaunch = "NO"
      debugDocumentVersioning = "YES"
      debugServiceExtension = "internal"
      allowLocationSimulation = "YES">
      <BuildableProductRunnable
         runnableDebuggingMode = "0">
         <BuildableReference
            BuildableIdentifier = "primary"
            BlueprintIdentifier = "58EBC1D931BC62A9DA27D304"
            BuildableName = "EyeProtection.app"
            BlueprintName = "EyeProtection"
            ReferencedContainer = "container:EyeProtection.xcodeproj">
         </BuildableReference>
      </BuildableProductRunnable>
      <CommandLineArguments>
      </CommandLineArguments>
   </LaunchAction>
   <ProfileAction
      buildConfiguration = "Release"
      shouldUseLaunchSchemeArgsEnv = "YES"
      savedToolIdentifier = ""
      useCustomWorkingDirectory = "NO"
      debugDocumentVersioning = "YES">
      <BuildableProductRunnable
         runnableDebuggingMode = "0">
         <BuildableReference
            BuildableIdentifier = "primary"
            BlueprintIdentifier = "58EBC1D931BC62A9DA27D304"
            BuildableName = "EyeProtection.app"
            BlueprintName = "EyeProtection"
            ReferencedContainer = "container:EyeProtection.xcodeproj">
         </BuildableReference>
      </BuildableProductRunnable>
   </ProfileAction>
   <AnalyzeAction
      buildConfiguration = "Debug">
   </AnalyzeAction>
   <ArchiveAction
      buildConfiguration = "Release"
      revealArchiveInOrganizer = "YES">
   </ArchiveAction>
</Scheme>
